// !$*UTF8*$!
{
	archiveVersion = 1;
	classes = {
	};
	objectVersion = 46;
	objects = {

/* Begin PBXBuildFile section */
		2C21AF2D1E7352DF00FCD0D1 /* AppDelegate.swift in Sources */ = {isa = PBXBuildFile; fileRef = 2C21AF2C1E7352DF00FCD0D1 /* AppDelegate.swift */; };
		2C21AF321E7352DF00FCD0D1 /* Main.storyboard in Resources */ = {isa = PBXBuildFile; fileRef = 2C21AF301E7352DF00FCD0D1 /* Main.storyboard */; };
		2C21AF341E7352DF00FCD0D1 /* Assets.xcassets in Resources */ = {isa = PBXBuildFile; fileRef = 2C21AF331E7352DF00FCD0D1 /* Assets.xcassets */; };
		2C21AF371E7352DF00FCD0D1 /* LaunchScreen.storyboard in Resources */ = {isa = PBXBuildFile; fileRef = 2C21AF351E7352DF00FCD0D1 /* LaunchScreen.storyboard */; };
		2C21AF401E73534E00FCD0D1 /* APIServer.swift in Sources */ = {isa = PBXBuildFile; fileRef = 2C21AF3F1E73534E00FCD0D1 /* APIServer.swift */; };
		2C21AF441E73547400FCD0D1 /* AcronymRequest.swift in Sources */ = {isa = PBXBuildFile; fileRef = 2C21AF431E73547400FCD0D1 /* AcronymRequest.swift */; };
		2C21AF481E73579A00FCD0D1 /* AcronymViewController.swift in Sources */ = {isa = PBXBuildFile; fileRef = 2C21AF471E73579A00FCD0D1 /* AcronymViewController.swift */; };
		2C21AF4A1E73A79C00FCD0D1 /* LongForm.swift in Sources */ = {isa = PBXBuildFile; fileRef = 2C21AF491E73A79C00FCD0D1 /* LongForm.swift */; };
		2C5801C51E74930700929457 /* LongFormTableViewCell.swift in Sources */ = {isa = PBXBuildFile; fileRef = 2C5801C41E74930700929457 /* LongFormTableViewCell.swift */; };
		84FFDD113D356943C0A1A5F7 /* Pods_AcronymLookup.framework in Frameworks */ = {isa = PBXBuildFile; fileRef = 9B194B82E88F674CF34B5C5F /* Pods_AcronymLookup.framework */; };
/* End PBXBuildFile section */

/* Begin PBXFileReference section */
		2C21AF291E7352DF00FCD0D1 /* AcronymLookup.app */ = {isa = PBXFileReference; explicitFileType = wrapper.application; includeInIndex = 0; path = AcronymLookup.app; sourceTree = BUILT_PRODUCTS_DIR; };
		2C21AF2C1E7352DF00FCD0D1 /* AppDelegate.swift */ = {isa = PBXFileReference; lastKnownFileType = sourcecode.swift; path = AppDelegate.swift; sourceTree = "<group>"; };
		2C21AF311E7352DF00FCD0D1 /* Base */ = {isa = PBXFileReference; lastKnownFileType = file.storyboard; name = Base; path = Base.lproj/Main.storyboard; sourceTree = "<group>"; };
		2C21AF331E7352DF00FCD0D1 /* Assets.xcassets */ = {isa = PBXFileReference; lastKnownFileType = folder.assetcatalog; path = Assets.xcassets; sourceTree = "<group>"; };
		2C21AF361E7352DF00FCD0D1 /* Base */ = {isa = PBXFileReference; lastKnownFileType = file.storyboard; name = Base; path = Base.lproj/LaunchScreen.storyboard; sourceTree = "<group>"; };
		2C21AF381E7352DF00FCD0D1 /* Info.plist */ = {isa = PBXFileReference; lastKnownFileType = text.plist.xml; path = Info.plist; sourceTree = "<group>"; };
		2C21AF3F1E73534E00FCD0D1 /* APIServer.swift */ = {isa = PBXFileReference; fileEncoding = 4; lastKnownFileType = sourcecode.swift; path = APIServer.swift; sourceTree = "<group>"; };
		2C21AF431E73547400FCD0D1 /* AcronymRequest.swift */ = {isa = PBXFileReference; fileEncoding = 4; lastKnownFileType = sourcecode.swift; path = AcronymRequest.swift; sourceTree = "<group>"; };
		2C21AF471E73579A00FCD0D1 /* AcronymViewController.swift */ = {isa = PBXFileReference; fileEncoding = 4; lastKnownFileType = sourcecode.swift; path = AcronymViewController.swift; sourceTree = "<group>"; };
		2C21AF491E73A79C00FCD0D1 /* LongForm.swift */ = {isa = PBXFileReference; fileEncoding = 4; lastKnownFileType = sourcecode.swift; path = LongForm.swift; sourceTree = "<group>"; };
		2C5801C41E74930700929457 /* LongFormTableViewCell.swift */ = {isa = PBXFileReference; fileEncoding = 4; lastKnownFileType = sourcecode.swift; path = LongFormTableViewCell.swift; sourceTree = "<group>"; };
		8504356379452F16677E1F64 /* Pods-AcronymLookup.release.xcconfig */ = {isa = PBXFileReference; includeInIndex = 1; lastKnownFileType = text.xcconfig; name = "Pods-AcronymLookup.release.xcconfig"; path = "Pods/Target Support Files/Pods-AcronymLookup/Pods-AcronymLookup.release.xcconfig"; sourceTree = "<group>"; };
		9B194B82E88F674CF34B5C5F /* Pods_AcronymLookup.framework */ = {isa = PBXFileReference; explicitFileType = wrapper.framework; includeInIndex = 0; path = Pods_AcronymLookup.framework; sourceTree = BUILT_PRODUCTS_DIR; };
		AF84884C4052EB97E5B2417A /* Pods-AcronymLookup.debug.xcconfig */ = {isa = PBXFileReference; includeInIndex = 1; lastKnownFileType = text.xcconfig; name = "Pods-AcronymLookup.debug.xcconfig"; path = "Pods/Target Support Files/Pods-AcronymLookup/Pods-AcronymLookup.debug.xcconfig"; sourceTree = "<group>"; };
/* End PBXFileReference section */

/* Begin PBXFrameworksBuildPhase section */
		2C21AF261E7352DF00FCD0D1 /* Frameworks */ = {
			isa = PBXFrameworksBuildPhase;
			buildActionMask = 2147483647;
			files = (
				84FFDD113D356943C0A1A5F7 /* Pods_AcronymLookup.framework in Frameworks */,
			);
			runOnlyForDeploymentPostprocessing = 0;
		};
/* End PBXFrameworksBuildPhase section */

/* Begin PBXGroup section */
		110C95B48E4DF0CA37BCAACB /* Pods */ = {
			isa = PBXGroup;
			children = (
				AF84884C4052EB97E5B2417A /* Pods-AcronymLookup.debug.xcconfig */,
				8504356379452F16677E1F64 /* Pods-AcronymLookup.release.xcconfig */,
			);
			name = Pods;
			sourceTree = "<group>";
		};
		2C21AF201E7352DF00FCD0D1 = {
			isa = PBXGroup;
			children = (
				2C21AF2B1E7352DF00FCD0D1 /* AcronymLookup */,
				2C21AF2A1E7352DF00FCD0D1 /* Products */,
				110C95B48E4DF0CA37BCAACB /* Pods */,
				4166F59E82555EDF560A0E54 /* Frameworks */,
			);
			sourceTree = "<group>";
		};
		2C21AF2A1E7352DF00FCD0D1 /* Products */ = {
			isa = PBXGroup;
			children = (
				2C21AF291E7352DF00FCD0D1 /* AcronymLookup.app */,
			);
			name = Products;
			sourceTree = "<group>";
		};
		2C21AF2B1E7352DF00FCD0D1 /* AcronymLookup */ = {
			isa = PBXGroup;
			children = (
				2C21AF2C1E7352DF00FCD0D1 /* AppDelegate.swift */,
				2C21AF3E1E73533400FCD0D1 /* Model */,
				2C21AF451E73559000FCD0D1 /* View */,
				2C21AF461E73576200FCD0D1 /* Controller */,
				2C21AF331E7352DF00FCD0D1 /* Assets.xcassets */,
				2C21AF351E7352DF00FCD0D1 /* LaunchScreen.storyboard */,
				2C21AF381E7352DF00FCD0D1 /* Info.plist */,
			);
			path = AcronymLookup;
			sourceTree = "<group>";
		};
		2C21AF3E1E73533400FCD0D1 /* Model */ = {
			isa = PBXGroup;
			children = (
				2C21AF3F1E73534E00FCD0D1 /* APIServer.swift */,
				2C21AF431E73547400FCD0D1 /* AcronymRequest.swift */,
				2C21AF491E73A79C00FCD0D1 /* LongForm.swift */,
			);
			name = Model;
			sourceTree = "<group>";
		};
		2C21AF451E73559000FCD0D1 /* View */ = {
			isa = PBXGroup;
			children = (
				2C21AF301E7352DF00FCD0D1 /* Main.storyboard */,
				2C5801C41E74930700929457 /* LongFormTableViewCell.swift */,
			);
			name = View;
			sourceTree = "<group>";
		};
		2C21AF461E73576200FCD0D1 /* Controller */ = {
			isa = PBXGroup;
			children = (
				2C21AF471E73579A00FCD0D1 /* AcronymViewController.swift */,
			);
			name = Controller;
			sourceTree = "<group>";
		};
		4166F59E82555EDF560A0E54 /* Frameworks */ = {
			isa = PBXGroup;
			children = (
				9B194B82E88F674CF34B5C5F /* Pods_AcronymLookup.framework */,
			);
			name = Frameworks;
			sourceTree = "<group>";
		};
/* End PBXGroup section */

/* Begin PBXNativeTarget section */
		2C21AF281E7352DF00FCD0D1 /* AcronymLookup */ = {
			isa = PBXNativeTarget;
			buildConfigurationList = 2C21AF3B1E7352DF00FCD0D1 /* Build configuration list for PBXNativeTarget "AcronymLookup" */;
			buildPhases = (
				A3562EBDF6C60B826ED4D304 /* [CP] Check Pods Manifest.lock */,
				2C21AF251E7352DF00FCD0D1 /* Sources */,
				2C21AF261E7352DF00FCD0D1 /* Frameworks */,
				2C21AF271E7352DF00FCD0D1 /* Resources */,
				FD49F75BFE0606D5A3A99BF8 /* [CP] Embed Pods Frameworks */,
				57859B5E1CF6A10729779525 /* [CP] Copy Pods Resources */,
			);
			buildRules = (
			);
			dependencies = (
			);
			name = AcronymLookup;
			productName = AcronymLookup;
			productReference = 2C21AF291E7352DF00FCD0D1 /* AcronymLookup.app */;
			productType = "com.apple.product-type.application";
		};
/* End PBXNativeTarget section */

/* Begin PBXProject section */
		2C21AF211E7352DF00FCD0D1 /* Project object */ = {
			isa = PBXProject;
			attributes = {
				LastSwiftUpdateCheck = 0820;
				LastUpgradeCheck = 0820;
				ORGANIZATIONNAME = "Sunny Egbo";
				TargetAttributes = {
					2C21AF281E7352DF00FCD0D1 = {
						CreatedOnToolsVersion = 8.2.1;
						DevelopmentTeam = 5C27EDDW45;
						ProvisioningStyle = Automatic;
					};
				};
			};
			buildConfigurationList = 2C21AF241E7352DF00FCD0D1 /* Build configuration list for PBXProject "AcronymLookup" */;
			compatibilityVersion = "Xcode 3.2";
			developmentRegion = English;
			hasScannedForEncodings = 0;
			knownRegions = (
				en,
				Base,
			);
			mainGroup = 2C21AF201E7352DF00FCD0D1;
			productRefGroup = 2C21AF2A1E7352DF00FCD0D1 /* Products */;
			projectDirPath = "";
			projectRoot = "";
			targets = (
				2C21AF281E7352DF00FCD0D1 /* AcronymLookup */,
			);
		};
/* End PBXProject section */

/* Begin PBXResourcesBuildPhase section */
		2C21AF271E7352DF00FCD0D1 /* Resources */ = {
			isa = PBXResourcesBuildPhase;
			buildActionMask = 2147483647;
			files = (
				2C21AF371E7352DF00FCD0D1 /* LaunchScreen.storyboard in Resources */,
				2C21AF341E7352DF00FCD0D1 /* Assets.xcassets in Resources */,
				2C21AF321E7352DF00FCD0D1 /* Main.storyboard in Resources */,
			);
			runOnlyForDeploymentPostprocessing = 0;
		};
/* End PBXResourcesBuildPhase section */

/* Begin PBXShellScriptBuildPhase section */
		57859B5E1CF6A10729779525 /* [CP] Copy Pods Resources */ = {
			isa = PBXShellScriptBuildPhase;
			buildActionMask = 2147483647;
			files = (
			);
			inputPaths = (
			);
			name = "[CP] Copy Pods Resources";
			outputPaths = (
			);
			runOnlyForDeploymentPostprocessing = 0;
			shellPath = /bin/sh;
			shellScript = "\"${SRCROOT}/Pods/Target Support Files/Pods-AcronymLookup/Pods-AcronymLookup-resources.sh\"\n";
			showEnvVarsInLog = 0;
		};
		A3562EBDF6C60B826ED4D304 /* [CP] Check Pods Manifest.lock */ = {
			isa = PBXShellScriptBuildPhase;
			buildActionMask = 2147483647;
			files = (
			);
			inputPaths = (
			);
			name = "[CP] Check Pods Manifest.lock";
			outputPaths = (
			);
			runOnlyForDeploymentPostprocessing = 0;
			shellPath = /bin/sh;
			shellScript = "diff \"${PODS_ROOT}/../Podfile.lock\" \"${PODS_ROOT}/Manifest.lock\" > /dev/null\nif [ $? != 0 ] ; then\n    # print error to STDERR\n    echo \"error: The sandbox is not in sync with the Podfile.lock. Run 'pod install' or update your CocoaPods installation.\" >&2\n    exit 1\nfi\n";
			showEnvVarsInLog = 0;
		};
		FD49F75BFE0606D5A3A99BF8 /* [CP] Embed Pods Frameworks */ = {
			isa = PBXShellScriptBuildPhase;
			buildActionMask = 2147483647;
			files = (
			);
			inputPaths = (
			);
			name = "[CP] Embed Pods Frameworks";
			outputPaths = (
			);
			runOnlyForDeploymentPostprocessing = 0;
			shellPath = /bin/sh;
			shellScript = "\"${SRCROOT}/Pods/Target Support Files/Pods-AcronymLookup/Pods-AcronymLookup-frameworks.sh\"\n";
			showEnvVarsInLog = 0;
		};
/* End PBXShellScriptBuildPhase section */

/* Begin PBXSourcesBuildPhase section */
		2C21AF251E7352DF00FCD0D1 /* Sources */ = {
			isa = PBXSourcesBuildPhase;
			buildActionMask = 2147483647;
			files = (
				2C21AF4A1E73A79C00FCD0D1 /* LongForm.swift in Sources */,
				2C21AF441E73547400FCD0D1 /* AcronymRequest.swift in Sources */,
				2C21AF2D1E7352DF00FCD0D1 /* AppDelegate.swift in Sources */,
				2C21AF481E73579A00FCD0D1 /* AcronymViewController.swift in Sources */,
				2C21AF401E73534E00FCD0D1 /* APIServer.swift in Sources */,
				2C5801C51E74930700929457 /* LongFormTableViewCell.swift in Sources */,
			);
			runOnlyForDeploymentPostprocessing = 0;
		};
/* End PBXSourcesBuildPhase section */

/* Begin PBXVariantGroup section */
		2C21AF301E7352DF00FCD0D1 /* Main.storyboard */ = {
			isa = PBXVariantGroup;
			children = (
				2C21AF311E7352DF00FCD0D1 /* Base */,
			);
			name = Main.storyboard;
			sourceTree = "<group>";
		};
		2C21AF351E7352DF00FCD0D1 /* LaunchScreen.storyboard */ = {
			isa = PBXVariantGroup;
			children = (
				2C21AF361E7352DF00FCD0D1 /* Base */,
			);
			name = LaunchScreen.storyboard;
			sourceTree = "<group>";
		};
/* End PBXVariantGroup section */

/* Begin XCBuildConfiguration section */
		2C21AF391E7352DF00FCD0D1 /* Debug */ = {
			isa = XCBuildConfiguration;
			buildSettings = {
				ALWAYS_SEARCH_USER_PATHS = NO;
				CLANG_ANALYZER_NONNULL = YES;
				CLANG_CXX_LANGUAGE_STANDARD = "gnu++0x";
				CLANG_CXX_LIBRARY = "libc++";
				CLANG_ENABLE_MODULES = YES;
				CLANG_ENABLE_OBJC_ARC = YES;
				CLANG_WARN_BOOL_CONVERSION = YES;
				CLANG_WARN_CONSTANT_CONVERSION = YES;
				CLANG_WARN_DIRECT_OBJC_ISA_USAGE = YES_ERROR;
				CLANG_WARN_DOCUMENTATION_COMMENTS = YES;
				CLANG_WARN_EMPTY_BODY = YES;
				CLANG_WARN_ENUM_CONVERSION = YES;
				CLANG_WARN_INFINITE_RECURSION = YES;
				CLANG_WARN_INT_CONVERSION = YES;
				CLANG_WARN_OBJC_ROOT_CLASS = YES_ERROR;
				CLANG_WARN_SUSPICIOUS_MOVE = YES;
				CLANG_WARN_UNREACHABLE_CODE = YES;
				CLANG_WARN__DUPLICATE_METHOD_MATCH = YES;
				"CODE_SIGN_IDENTITY[sdk=iphoneos*]" = "iPhone Developer";
				COPY_PHASE_STRIP = NO;
				DEBUG_INFORMATION_FORMAT = dwarf;
				ENABLE_STRICT_OBJC_MSGSEND = YES;
				ENABLE_TESTABILITY = YES;
				GCC_C_LANGUAGE_STANDARD = gnu99;
				GCC_DYNAMIC_NO_PIC = NO;
				GCC_NO_COMMON_BLOCKS = YES;
				GCC_OPTIMIZATION_LEVEL = 0;
				GCC_PREPROCESSOR_DEFINITIONS = (
					"DEBUG=1",
					"$(inherited)",
				);
				GCC_WARN_64_TO_32_BIT_CONVERSION = YES;
				GCC_WARN_ABOUT_RETURN_TYPE = YES_ERROR;
				GCC_WARN_UNDECLARED_SELECTOR = YES;
				GCC_WARN_UNINITIALIZED_AUTOS = YES_AGGRESSIVE;
				GCC_WARN_UNUSED_FUNCTION = YES;
				GCC_WARN_UNUSED_VARIABLE = YES;
				IPHONEOS_DEPLOYMENT_TARGET = 10.2;
				MTL_ENABLE_DEBUG_INFO = YES;
				ONLY_ACTIVE_ARCH = YES;
				SDKROOT = iphoneos;
				SWIFT_ACTIVE_COMPILATION_CONDITIONS = DEBUG;
				SWIFT_OPTIMIZATION_LEVEL = "-Onone";
			};
			name = Debug;
		};
		2C21AF3A1E7352DF00FCD0D1 /* Release */ = {
			isa = XCBuildConfiguration;
			buildSettings = {
				ALWAYS_SEARCH_USER_PATHS = NO;
				CLANG_ANALYZER_NONNULL = YES;
				CLANG_CXX_LANGUAGE_STANDARD = "gnu++0x";
				CLANG_CXX_LIBRARY = "libc++";
				CLANG_ENABLE_MODULES = YES;
				CLANG_ENABLE_OBJC_ARC = YES;
				CLANG_WARN_BOOL_CONVERSION = YES;
				CLANG_WARN_CONSTANT_CONVERSION = YES;
				CLANG_WARN_DIRECT_OBJC_ISA_USAGE = YES_ERROR;
				CLANG_WARN_DOCUMENTATION_COMMENTS = YES;
				CLANG_WARN_EMPTY_BODY = YES;
				CLANG_WARN_ENUM_CONVERSION = YES;
				CLANG_WARN_INFINITE_RECURSION = YES;
				CLANG_WARN_INT_CONVERSION = YES;
				CLANG_WARN_OBJC_ROOT_CLASS = YES_ERROR;
				CLANG_WARN_SUSPICIOUS_MOVE = YES;
				CLANG_WARN_UNREACHABLE_CODE = YES;
				CLANG_WARN__DUPLICATE_METHOD_MATCH = YES;
				"CODE_SIGN_IDENTITY[sdk=iphoneos*]" = "iPhone Developer";
				COPY_PHASE_STRIP = NO;
				DEBUG_INFORMATION_FORMAT = "dwarf-with-dsym";
				ENABLE_NS_ASSERTIONS = NO;
				ENABLE_STRICT_OBJC_MSGSEND = YES;
				GCC_C_LANGUAGE_STANDARD = gnu99;
				GCC_NO_COMMON_BLOCKS = YES;
				GCC_WARN_64_TO_32_BIT_CONVERSION = YES;
				GCC_WARN_ABOUT_RETURN_TYPE = YES_ERROR;
				GCC_WARN_UNDECLARED_SELECTOR = YES;
				GCC_WARN_UNINITIALIZED_AUTOS = YES_AGGRESSIVE;
				GCC_WARN_UNUSED_FUNCTION = YES;
				GCC_WARN_UNUSED_VARIABLE = YES;
				IPHONEOS_DEPLOYMENT_TARGET = 10.2;
				MTL_ENABLE_DEBUG_INFO = NO;
				SDKROOT = iphoneos;
				SWIFT_OPTIMIZATION_LEVEL = "-Owholemodule";
				VALIDATE_PRODUCT = YES;
			};
			name = Release;
		};
		2C21AF3C1E7352DF00FCD0D1 /* Debug */ = {
			isa = XCBuildConfiguration;
			baseConfigurationReference = AF84884C4052EB97E5B2417A /* Pods-AcronymLookup.debug.xcconfig */;
			buildSettings = {
				ASSETCATALOG_COMPILER_APPICON_NAME = AppIcon;
				DEVELOPMENT_TEAM = 5C27EDDW45;
				INFOPLIST_FILE = AcronymLookup/Info.plist;
				LD_RUNPATH_SEARCH_PATHS = "$(inherited) @executable_path/Frameworks";
				PRODUCT_BUNDLE_IDENTIFIER = com.sunnyegbo.AcronymLookup;
				PRODUCT_NAME = "$(TARGET_NAME)";
				SWIFT_VERSION = 3.0;
			};
			name = Debug;
		};
		2C21AF3D1E7352DF00FCD0D1 /* Release */ = {
			isa = XCBuildConfiguration;
			baseConfigurationReference = 8504356379452F16677E1F64 /* Pods-AcronymLookup.release.xcconfig */;
			buildSettings = {
				ASSETCATALOG_COMPILER_APPICON_NAME = AppIcon;
				DEVELOPMENT_TEAM = 5C27EDDW45;
				INFOPLIST_FILE = AcronymLookup/Info.plist;
				LD_RUNPATH_SEARCH_PATHS = "$(inherited) @executable_path/Frameworks";
				PRODUCT_BUNDLE_IDENTIFIER = com.sunnyegbo.AcronymLookup;
				PRODUCT_NAME = "$(TARGET_NAME)";
				SWIFT_VERSION = 3.0;
			};
			name = Release;
		};
/* End XCBuildConfiguration section */

/* Begin XCConfigurationList section */
		2C21AF241E7352DF00FCD0D1 /* Build configuration list for PBXProject "AcronymLookup" */ = {
			isa = XCConfigurationList;
			buildConfigurations = (
				2C21AF391E7352DF00FCD0D1 /* Debug */,
				2C21AF3A1E7352DF00FCD0D1 /* Release */,
			);
			defaultConfigurationIsVisible = 0;
			defaultConfigurationName = Release;
		};
		2C21AF3B1E7352DF00FCD0D1 /* Build configuration list for PBXNativeTarget "AcronymLookup" */ = {
			isa = XCConfigurationList;
			buildConfigurations = (
				2C21AF3C1E7352DF00FCD0D1 /* Debug */,
				2C21AF3D1E7352DF00FCD0D1 /* Release */,
			);
			defaultConfigurationIsVisible = 0;
			defaultConfigurationName = Release;
		};
/* End XCConfigurationList section */
	};
	rootObject = 2C21AF211E7352DF00FCD0D1 /* Project object */;
}
